<?xml version="1.0" encoding="utf-8"?>
<Project ToolsVersion="4.0" xmlns="http://schemas.microsoft.com/developer/msbuild/2003">
  <ItemGroup>
    <ClCompile Include="main.cpp">
      <Filter>Engine</Filter>
    </ClCompile>
    <ClCompile Include="Window.cpp">
      <Filter>Engine</Filter>
    </ClCompile>
    <ClCompile Include="TextButton.cpp">
      <Filter>Engine\GUI\Button</Filter>
    </ClCompile>
    <ClCompile Include="GameState.cpp">
      <Filter>States</Filter>
    </ClCompile>
    <ClCompile Include="Clickable.cpp">
      <Filter>Engine\GUI\Button</Filter>
    </ClCompile>
    <ClCompile Include="Button.cpp">
      <Filter>Engine\GUI\Button</Filter>
    </ClCompile>
    <ClCompile Include="GuiButton.cpp">
      <Filter>Engine\GUI\Button</Filter>
    </ClCompile>
    <ClCompile Include="InputBox.cpp">
      <Filter>Engine\GUI\InputBox</Filter>
    </ClCompile>
  </ItemGroup>
  <ItemGroup>
    <ClInclude Include="Window.h">
      <Filter>Engine</Filter>
    </ClInclude>
    <ClInclude Include="Object.h">
      <Filter>Engine\GUI</Filter>
    </ClInclude>
    <ClInclude Include="TextButton.h">
      <Filter>Engine\GUI\Button</Filter>
    </ClInclude>
    <ClInclude Include="Button.h">
      <Filter>Engine\GUI\Button</Filter>
    </ClInclude>
    <ClInclude Include="Clickable.h">
      <Filter>Engine\GUI\Button</Filter>
    </ClInclude>
    <ClInclude Include="SimpleText.h">
      <Filter>Engine\GUI\Text</Filter>
    </ClInclude>
    <ClInclude Include="TextElement.h">
      <Filter>Engine\GUI\Text</Filter>
    </ClInclude>
    <ClInclude Include="SimpleDrawable.h">
      <Filter>Engine\GUI\GuiElement</Filter>
    </ClInclude>
    <ClInclude Include="GuiElement.h">
      <Filter>Engine\GUI\GuiElement</Filter>
    </ClInclude>
    <ClInclude Include="GameState.h">
      <Filter>States</Filter>
    </ClInclude>
    <ClInclude Include="State.h">
      <Filter>States</Filter>
    </ClInclude>
    <ClInclude Include="GuiButton.h">
      <Filter>Engine\GUI\Button</Filter>
    </ClInclude>
    <ClInclude Include="InputBox.h">
      <Filter>Engine\GUI\InputBox</Filter>
    </ClInclude>
  </ItemGroup>
  <ItemGroup>
    <Filter Include="Engine">
      <UniqueIdentifier>{d4c2b8f0-8479-444f-a9b4-8759951ad6bb}</UniqueIdentifier>
    </Filter>
    <Filter Include="States">
      <UniqueIdentifier>{435f0be5-80cc-45ca-8fe9-60d211189851}</UniqueIdentifier>
    </Filter>
    <Filter Include="Engine\GUI">
      <UniqueIdentifier>{fbbf2950-977c-4695-b6c2-b6e19c14cf58}</UniqueIdentifier>
    </Filter>
    <Filter Include="Engine\GUI\Button">
      <UniqueIdentifier>{a974c7a6-d2ca-47ba-a1da-f557e7304bc9}</UniqueIdentifier>
    </Filter>
    <Filter Include="Engine\GUI\Text">
      <UniqueIdentifier>{07d2a031-b959-4bd7-a316-b6dfa95bb6ec}</UniqueIdentifier>
    </Filter>
    <Filter Include="Engine\GUI\GuiElement">
      <UniqueIdentifier>{a985891e-28cb-4666-855f-45e86fabdc7b}</UniqueIdentifier>
    </Filter>
    <Filter Include="Engine\GUI\InputBox">
      <UniqueIdentifier>{5c5c15cd-7e58-49e8-b713-2dced60fea24}</UniqueIdentifier>
    </Filter>
  </ItemGroup>
</Project>